
Microsoft Visual Studio Solution File, Format Version 12.00
# Visual Studio Version 16
VisualStudioVersion = 16.0.28803.916
MinimumVisualStudioVersion = 10.0.40219.1
Project("{FAE04EC0-301F-11D3-BF4B-00C04F79EFBC}") = "ProjetoContar", "ProjetoContar\ProjetoContar.csproj", "{F13937AD-C4F8-495B-AC3B-F065DAD2B930}"
EndProject
Global
	GlobalSection(SolutionConfigurationPlatforms) = preSolution
		Debug|Any CPU = Debug|Any CPU
		Release|Any CPU = Release|Any CPU
	EndGlobalSection
	GlobalSection(ProjectConfigurationPlatforms) = postSolution
		{F13937AD-C4F8-495B-AC3B-F065DAD2B930}.Debug|Any CPU.ActiveCfg = Debug|Any CPU
		{F13937AD-C4F8-495B-AC3B-F065DAD2B930}.Debug|Any CPU.Build.0 = Debug|Any CPU
		{F13937AD-C4F8-495B-AC3B-F065DAD2B930}.Release|Any CPU.ActiveCfg = Release|Any CPU
		{F13937AD-C4F8-495B-AC3B-F065DAD2B930}.Release|Any CPU.Build.0 = Release|Any CPU
	EndGlobalSection
	GlobalSection(SolutionProperties) = preSolution
		HideSolutionNode = FALSE
	EndGlobalSection
	GlobalSection(ExtensibilityGlobals) = postSolution
		SolutionGuid = {59E39C34-EDC6-41F5-AA48-07C238FDEE97}
	EndGlobalSection
EndGlobal
